{
  "requires": true,
  "lockfileVersion": 1,
  "dependencies": {
    "@types/node": {
      "version": "4.0.35",
      "resolved": "https://registry.npmjs.org/@types/node/-/node-4.0.35.tgz",
      "integrity": "sha512-p+bI8MK0GCGwDkxF9iXM6RsSZbCYNWzdwduiYKo/30UReZumhkrqqgOqHSk4f5bjdOftOcCG+e7BqfEOd9pBaA==",
      "dev": true
    }
  }
}
